
Microsoft Visual Studio Solution File, Format Version 12.00
# Visual Studio 15
VisualStudioVersion = 15.0.27004.2002
MinimumVisualStudioVersion = 10.0.40219.1
Project("{8BC9CEB8-8B4A-11D0-8D11-00A0C91BC942}") = "IW3MVM", "IW3MVM\IW3MVM.vcxproj", "{4EC28F44-5763-4189-95AA-BD988E79D640}"
EndProject
Project("{8BC9CEB8-8B4A-11D0-8D11-00A0C91BC942}") = "IW3MAP", "IW3MAP\IW3MAP.vcxproj", "{F637F604-5797-466A-9F24-CB5D34013E8F}"
EndProject
Global
	GlobalSection(SolutionConfigurationPlatforms) = preSolution
		IW3D|x86 = IW3D|x86
		IW3MAP|x86 = IW3MAP|x86
		STREAMS|x86 = STREAMS|x86
	EndGlobalSection
	GlobalSection(ProjectConfigurationPlatforms) = postSolution
		{4EC28F44-5763-4189-95AA-BD988E79D640}.IW3D|x86.ActiveCfg = IW3D|Win32
		{4EC28F44-5763-4189-95AA-BD988E79D640}.IW3D|x86.Build.0 = IW3D|Win32
		{4EC28F44-5763-4189-95AA-BD988E79D640}.IW3MAP|x86.ActiveCfg = IW3D|Win32
		{4EC28F44-5763-4189-95AA-BD988E79D640}.IW3MAP|x86.Build.0 = IW3D|Win32
		{4EC28F44-5763-4189-95AA-BD988E79D640}.STREAMS|x86.ActiveCfg = STREAMS|Win32
		{4EC28F44-5763-4189-95AA-BD988E79D640}.STREAMS|x86.Build.0 = STREAMS|Win32
		{F637F604-5797-466A-9F24-CB5D34013E8F}.IW3D|x86.ActiveCfg = IW3MAP|Win32
		{F637F604-5797-466A-9F24-CB5D34013E8F}.IW3D|x86.Build.0 = IW3MAP|Win32
		{F637F604-5797-466A-9F24-CB5D34013E8F}.IW3MAP|x86.ActiveCfg = IW3MAP|Win32
		{F637F604-5797-466A-9F24-CB5D34013E8F}.IW3MAP|x86.Build.0 = IW3MAP|Win32
		{F637F604-5797-466A-9F24-CB5D34013E8F}.STREAMS|x86.ActiveCfg = IW3MAP|Win32
		{F637F604-5797-466A-9F24-CB5D34013E8F}.STREAMS|x86.Build.0 = IW3MAP|Win32
	EndGlobalSection
	GlobalSection(SolutionProperties) = preSolution
		HideSolutionNode = FALSE
	EndGlobalSection
	GlobalSection(ExtensibilityGlobals) = postSolution
		SolutionGuid = {B2534ADC-242E-4751-8F6C-AB60DDFDBE93}
	EndGlobalSection
EndGlobal
